// !$*UTF8*$!
{
	archiveVersion = 1;
	classes = {
	};
	objectVersion = 55;
	objects = {

/* Begin PBXBuildFile section */
		A1D6AB93219ED8B4DB57B2FB /* Pods_MaoTrailer.framework in Frameworks */ = {isa = PBXBuildFile; fileRef = 97ECB7FB713A170C3C432958 /* Pods_MaoTrailer.framework */; };
		C10AD9FF28F5F40A0036E92D /* image_extension.swift in Sources */ = {isa = PBXBuildFile; fileRef = C10AD9FE28F5F4090036E92D /* image_extension.swift */; };
		C10ADA0128F5F4C60036E92D /* popularMoviesResponse.swift in Sources */ = {isa = PBXBuildFile; fileRef = C10ADA0028F5F4C60036E92D /* popularMoviesResponse.swift */; };
		C10ADA0328F5F5350036E92D /* movieModel.swift in Sources */ = {isa = PBXBuildFile; fileRef = C10ADA0228F5F5350036E92D /* movieModel.swift */; };
		C10FB41B28E3AAEB008B0DC5 /* NavigationController.swift in Sources */ = {isa = PBXBuildFile; fileRef = C10FB41A28E3AAEB008B0DC5 /* NavigationController.swift */; };
		C10FB41D28E3B0E8008B0DC5 /* NowMoviesCollectionViewCell.swift in Sources */ = {isa = PBXBuildFile; fileRef = C10FB41C28E3B0E8008B0DC5 /* NowMoviesCollectionViewCell.swift */; };
		C11F7D73293E746600B37966 /* PopularTvTableViewCell.swift in Sources */ = {isa = PBXBuildFile; fileRef = C11F7D72293E746600B37966 /* PopularTvTableViewCell.swift */; };
		C1444E6828CE7463003DCA1A /* AppDelegate.swift in Sources */ = {isa = PBXBuildFile; fileRef = C1444E6728CE7463003DCA1A /* AppDelegate.swift */; };
		C1444E6A28CE7463003DCA1A /* SceneDelegate.swift in Sources */ = {isa = PBXBuildFile; fileRef = C1444E6928CE7463003DCA1A /* SceneDelegate.swift */; };
		C1444E6C28CE7463003DCA1A /* OnBoardingViewController.swift in Sources */ = {isa = PBXBuildFile; fileRef = C1444E6B28CE7463003DCA1A /* OnBoardingViewController.swift */; };
		C1444E6F28CE7464003DCA1A /* Main.storyboard in Resources */ = {isa = PBXBuildFile; fileRef = C1444E6D28CE7464003DCA1A /* Main.storyboard */; };
		C1444E7128CE7466003DCA1A /* Assets.xcassets in Resources */ = {isa = PBXBuildFile; fileRef = C1444E7028CE7466003DCA1A /* Assets.xcassets */; };
		C1444E7428CE7466003DCA1A /* LaunchScreen.storyboard in Resources */ = {isa = PBXBuildFile; fileRef = C1444E7228CE7466003DCA1A /* LaunchScreen.storyboard */; };
		C1539FBE28EC7A8B005118C8 /* PopularMoviesCollectionCell.swift in Sources */ = {isa = PBXBuildFile; fileRef = C1539FBD28EC7A8A005118C8 /* PopularMoviesCollectionCell.swift */; };
		C17449C7293BD53600229A20 /* TVTopRatedCollectionViewCell.swift in Sources */ = {isa = PBXBuildFile; fileRef = C17449C6293BD53600229A20 /* TVTopRatedCollectionViewCell.swift */; };
		C17449C9293BD83D00229A20 /* TvModel.swift in Sources */ = {isa = PBXBuildFile; fileRef = C17449C8293BD83D00229A20 /* TvModel.swift */; };
		C17449CB293BD8D500229A20 /* TopRatedTvResponse.swift in Sources */ = {isa = PBXBuildFile; fileRef = C17449CA293BD8D500229A20 /* TopRatedTvResponse.swift */; };
		C17AF1D328E101730094AD89 /* NowMoviesResponse.swift in Sources */ = {isa = PBXBuildFile; fileRef = C17AF1D228E101730094AD89 /* NowMoviesResponse.swift */; };
		C1CE71B428F5FFF3002722AB /* HomeViewController.swift in Sources */ = {isa = PBXBuildFile; fileRef = C131420428D7D57B00A9E292 /* HomeViewController.swift */; };
		C1DD80FB28F6046B005F58A8 /* SliderCollectionViewCell.swift in Sources */ = {isa = PBXBuildFile; fileRef = C1DD80FA28F6046B005F58A8 /* SliderCollectionViewCell.swift */; };
		C1DF55E4293BC8A2008C9C5E /* TVViewController.swift in Sources */ = {isa = PBXBuildFile; fileRef = C1DF55E3293BC8A2008C9C5E /* TVViewController.swift */; };
		C1E75C3628DE0656006D6F15 /* MoviesViewController.swift in Sources */ = {isa = PBXBuildFile; fileRef = C1E75C3528DE0656006D6F15 /* MoviesViewController.swift */; };
/* End PBXBuildFile section */

/* Begin PBXFileReference section */
		197D46AC76A911293D0F2304 /* Pods-MaoTrailer.release.xcconfig */ = {isa = PBXFileReference; includeInIndex = 1; lastKnownFileType = text.xcconfig; name = "Pods-MaoTrailer.release.xcconfig"; path = "Target Support Files/Pods-MaoTrailer/Pods-MaoTrailer.release.xcconfig"; sourceTree = "<group>"; };
		540212F41FB80CF09DB065E3 /* Pods-MaoTrailer.debug.xcconfig */ = {isa = PBXFileReference; includeInIndex = 1; lastKnownFileType = text.xcconfig; name = "Pods-MaoTrailer.debug.xcconfig"; path = "Target Support Files/Pods-MaoTrailer/Pods-MaoTrailer.debug.xcconfig"; sourceTree = "<group>"; };
		97ECB7FB713A170C3C432958 /* Pods_MaoTrailer.framework */ = {isa = PBXFileReference; explicitFileType = wrapper.framework; includeInIndex = 0; path = Pods_MaoTrailer.framework; sourceTree = BUILT_PRODUCTS_DIR; };
		C10AD9FE28F5F4090036E92D /* image_extension.swift */ = {isa = PBXFileReference; lastKnownFileType = sourcecode.swift; path = image_extension.swift; sourceTree = "<group>"; };
		C10ADA0028F5F4C60036E92D /* popularMoviesResponse.swift */ = {isa = PBXFileReference; lastKnownFileType = sourcecode.swift; path = popularMoviesResponse.swift; sourceTree = "<group>"; };
		C10ADA0228F5F5350036E92D /* movieModel.swift */ = {isa = PBXFileReference; lastKnownFileType = sourcecode.swift; path = movieModel.swift; sourceTree = "<group>"; };
		C10FB41A28E3AAEB008B0DC5 /* NavigationController.swift */ = {isa = PBXFileReference; lastKnownFileType = sourcecode.swift; path = NavigationController.swift; sourceTree = "<group>"; };
		C10FB41C28E3B0E8008B0DC5 /* NowMoviesCollectionViewCell.swift */ = {isa = PBXFileReference; lastKnownFileType = sourcecode.swift; path = NowMoviesCollectionViewCell.swift; sourceTree = "<group>"; };
		C11F7D72293E746600B37966 /* PopularTvTableViewCell.swift */ = {isa = PBXFileReference; lastKnownFileType = sourcecode.swift; path = PopularTvTableViewCell.swift; sourceTree = "<group>"; };
		C131420428D7D57B00A9E292 /* HomeViewController.swift */ = {isa = PBXFileReference; lastKnownFileType = sourcecode.swift; path = HomeViewController.swift; sourceTree = "<group>"; };
		C1444E6428CE7463003DCA1A /* MaoTrailer.app */ = {isa = PBXFileReference; explicitFileType = wrapper.application; includeInIndex = 0; path = MaoTrailer.app; sourceTree = BUILT_PRODUCTS_DIR; };
		C1444E6728CE7463003DCA1A /* AppDelegate.swift */ = {isa = PBXFileReference; lastKnownFileType = sourcecode.swift; path = AppDelegate.swift; sourceTree = "<group>"; };
		C1444E6928CE7463003DCA1A /* SceneDelegate.swift */ = {isa = PBXFileReference; lastKnownFileType = sourcecode.swift; path = SceneDelegate.swift; sourceTree = "<group>"; };
		C1444E6B28CE7463003DCA1A /* OnBoardingViewController.swift */ = {isa = PBXFileReference; lastKnownFileType = sourcecode.swift; path = OnBoardingViewController.swift; sourceTree = "<group>"; };
		C1444E6E28CE7464003DCA1A /* Base */ = {isa = PBXFileReference; lastKnownFileType = file.storyboard; name = Base; path = Base.lproj/Main.storyboard; sourceTree = "<group>"; };
		C1444E7028CE7466003DCA1A /* Assets.xcassets */ = {isa = PBXFileReference; lastKnownFileType = folder.assetcatalog; path = Assets.xcassets; sourceTree = "<group>"; };
		C1444E7328CE7466003DCA1A /* Base */ = {isa = PBXFileReference; lastKnownFileType = file.storyboard; name = Base; path = Base.lproj/LaunchScreen.storyboard; sourceTree = "<group>"; };
		C1444E7528CE7466003DCA1A /* Info.plist */ = {isa = PBXFileReference; lastKnownFileType = text.plist.xml; path = Info.plist; sourceTree = "<group>"; };
		C1539FBD28EC7A8A005118C8 /* PopularMoviesCollectionCell.swift */ = {isa = PBXFileReference; lastKnownFileType = sourcecode.swift; path = PopularMoviesCollectionCell.swift; sourceTree = "<group>"; };
		C17449C6293BD53600229A20 /* TVTopRatedCollectionViewCell.swift */ = {isa = PBXFileReference; lastKnownFileType = sourcecode.swift; path = TVTopRatedCollectionViewCell.swift; sourceTree = "<group>"; };
		C17449C8293BD83D00229A20 /* TvModel.swift */ = {isa = PBXFileReference; lastKnownFileType = sourcecode.swift; path = TvModel.swift; sourceTree = "<group>"; };
		C17449CA293BD8D500229A20 /* TopRatedTvResponse.swift */ = {isa = PBXFileReference; lastKnownFileType = sourcecode.swift; path = TopRatedTvResponse.swift; sourceTree = "<group>"; };
		C17AF1D228E101730094AD89 /* NowMoviesResponse.swift */ = {isa = PBXFileReference; lastKnownFileType = sourcecode.swift; path = NowMoviesResponse.swift; sourceTree = "<group>"; };
		C1DD80FA28F6046B005F58A8 /* SliderCollectionViewCell.swift */ = {isa = PBXFileReference; lastKnownFileType = sourcecode.swift; path = SliderCollectionViewCell.swift; sourceTree = "<group>"; };
		C1DF55E3293BC8A2008C9C5E /* TVViewController.swift */ = {isa = PBXFileReference; lastKnownFileType = sourcecode.swift; path = TVViewController.swift; sourceTree = "<group>"; };
		C1E75C3528DE0656006D6F15 /* MoviesViewController.swift */ = {isa = PBXFileReference; lastKnownFileType = sourcecode.swift; path = MoviesViewController.swift; sourceTree = "<group>"; };
/* End PBXFileReference section */

/* Begin PBXFrameworksBuildPhase section */
		C1444E6128CE7463003DCA1A /* Frameworks */ = {
			isa = PBXFrameworksBuildPhase;
			buildActionMask = 2147483647;
			files = (
				A1D6AB93219ED8B4DB57B2FB /* Pods_MaoTrailer.framework in Frameworks */,
			);
			runOnlyForDeploymentPostprocessing = 0;
		};
/* End PBXFrameworksBuildPhase section */

/* Begin PBXGroup section */
		6705F2EA0E841218CFE797B8 /* Pods */ = {
			isa = PBXGroup;
			children = (
				540212F41FB80CF09DB065E3 /* Pods-MaoTrailer.debug.xcconfig */,
				197D46AC76A911293D0F2304 /* Pods-MaoTrailer.release.xcconfig */,
			);
			path = Pods;
			sourceTree = "<group>";
		};
		C10AD9FD28F5F3E60036E92D /* extensions */ = {
			isa = PBXGroup;
			children = (
				C10AD9FE28F5F4090036E92D /* image_extension.swift */,
			);
			path = extensions;
			sourceTree = "<group>";
		};
		C10ADA0428F5F7D40036E92D /* controllers */ = {
			isa = PBXGroup;
			children = (
				C1444E6B28CE7463003DCA1A /* OnBoardingViewController.swift */,
				C10FB41A28E3AAEB008B0DC5 /* NavigationController.swift */,
				C1E75C3528DE0656006D6F15 /* MoviesViewController.swift */,
				C131420428D7D57B00A9E292 /* HomeViewController.swift */,
				C1DF55E3293BC8A2008C9C5E /* TVViewController.swift */,
			);
			path = controllers;
			sourceTree = "<group>";
		};
		C10ADA0528F5F7E10036E92D /* cells */ = {
			isa = PBXGroup;
			children = (
				C1539FBD28EC7A8A005118C8 /* PopularMoviesCollectionCell.swift */,
				C10FB41C28E3B0E8008B0DC5 /* NowMoviesCollectionViewCell.swift */,
				C1DD80FA28F6046B005F58A8 /* SliderCollectionViewCell.swift */,
				C17449C6293BD53600229A20 /* TVTopRatedCollectionViewCell.swift */,
				C11F7D72293E746600B37966 /* PopularTvTableViewCell.swift */,
			);
			path = cells;
			sourceTree = "<group>";
		};
		C1444E5B28CE7463003DCA1A = {
			isa = PBXGroup;
			children = (
				C1444E6628CE7463003DCA1A /* MaoTrailer */,
				C1444E6528CE7463003DCA1A /* Products */,
				6705F2EA0E841218CFE797B8 /* Pods */,
				FBFFACBEF63C941A3CB78F48 /* Frameworks */,
			);
			sourceTree = "<group>";
		};
		C1444E6528CE7463003DCA1A /* Products */ = {
			isa = PBXGroup;
			children = (
				C1444E6428CE7463003DCA1A /* MaoTrailer.app */,
			);
			name = Products;
			sourceTree = "<group>";
		};
		C1444E6628CE7463003DCA1A /* MaoTrailer */ = {
			isa = PBXGroup;
			children = (
				C10ADA0528F5F7E10036E92D /* cells */,
				C10ADA0428F5F7D40036E92D /* controllers */,
				C10AD9FD28F5F3E60036E92D /* extensions */,
				C17AF1D128E101570094AD89 /* models */,
				C1444E6728CE7463003DCA1A /* AppDelegate.swift */,
				C1444E6928CE7463003DCA1A /* SceneDelegate.swift */,
				C1444E6D28CE7464003DCA1A /* Main.storyboard */,
				C1444E7028CE7466003DCA1A /* Assets.xcassets */,
				C1444E7228CE7466003DCA1A /* LaunchScreen.storyboard */,
				C1444E7528CE7466003DCA1A /* Info.plist */,
			);
			path = MaoTrailer;
			sourceTree = "<group>";
		};
		C17AF1D128E101570094AD89 /* models */ = {
			isa = PBXGroup;
			children = (
				C17AF1D228E101730094AD89 /* NowMoviesResponse.swift */,
				C10ADA0028F5F4C60036E92D /* popularMoviesResponse.swift */,
				C10ADA0228F5F5350036E92D /* movieModel.swift */,
				C17449C8293BD83D00229A20 /* TvModel.swift */,
				C17449CA293BD8D500229A20 /* TopRatedTvResponse.swift */,
			);
			path = models;
			sourceTree = "<group>";
		};
		FBFFACBEF63C941A3CB78F48 /* Frameworks */ = {
			isa = PBXGroup;
			children = (
				97ECB7FB713A170C3C432958 /* Pods_MaoTrailer.framework */,
			);
			name = Frameworks;
			sourceTree = "<group>";
		};
/* End PBXGroup section */

/* Begin PBXNativeTarget section */
		C1444E6328CE7463003DCA1A /* MaoTrailer */ = {
			isa = PBXNativeTarget;
			buildConfigurationList = C1444E7828CE7466003DCA1A /* Build configuration list for PBXNativeTarget "MaoTrailer" */;
			buildPhases = (
				2B4591DAC03BEEB1CFE2B34C /* [CP] Check Pods Manifest.lock */,
				C1444E6028CE7463003DCA1A /* Sources */,
				C1444E6128CE7463003DCA1A /* Frameworks */,
				C1444E6228CE7463003DCA1A /* Resources */,
				EFA6ECEA67BA282002113A6D /* [CP] Embed Pods Frameworks */,
			);
			buildRules = (
			);
			dependencies = (
			);
			name = MaoTrailer;
			productName = MaoTrailer;
			productReference = C1444E6428CE7463003DCA1A /* MaoTrailer.app */;
			productType = "com.apple.product-type.application";
		};
/* End PBXNativeTarget section */

/* Begin PBXProject section */
		C1444E5C28CE7463003DCA1A /* Project object */ = {
			isa = PBXProject;
			attributes = {
				BuildIndependentTargetsInParallel = 1;
				LastSwiftUpdateCheck = 1340;
				LastUpgradeCheck = 1340;
				TargetAttributes = {
					C1444E6328CE7463003DCA1A = {
						CreatedOnToolsVersion = 13.4.1;
					};
				};
			};
			buildConfigurationList = C1444E5F28CE7463003DCA1A /* Build configuration list for PBXProject "MaoTrailer" */;
			compatibilityVersion = "Xcode 13.0";
			developmentRegion = en;
			hasScannedForEncodings = 0;
			knownRegions = (
				en,
				Base,
			);
			mainGroup = C1444E5B28CE7463003DCA1A;
			productRefGroup = C1444E6528CE7463003DCA1A /* Products */;
			projectDirPath = "";
			projectRoot = "";
			targets = (
				C1444E6328CE7463003DCA1A /* MaoTrailer */,
			);
		};
/* End PBXProject section */

/* Begin PBXResourcesBuildPhase section */
		C1444E6228CE7463003DCA1A /* Resources */ = {
			isa = PBXResourcesBuildPhase;
			buildActionMask = 2147483647;
			files = (
				C1444E7428CE7466003DCA1A /* LaunchScreen.storyboard in Resources */,
				C1444E7128CE7466003DCA1A /* Assets.xcassets in Resources */,
				C1444E6F28CE7464003DCA1A /* Main.storyboard in Resources */,
			);
			runOnlyForDeploymentPostprocessing = 0;
		};
/* End PBXResourcesBuildPhase section */

/* Begin PBXShellScriptBuildPhase section */
		2B4591DAC03BEEB1CFE2B34C /* [CP] Check Pods Manifest.lock */ = {
			isa = PBXShellScriptBuildPhase;
			buildActionMask = 2147483647;
			files = (
			);
			inputFileListPaths = (
			);
			inputPaths = (
				"${PODS_PODFILE_DIR_PATH}/Podfile.lock",
				"${PODS_ROOT}/Manifest.lock",
			);
			name = "[CP] Check Pods Manifest.lock";
			outputFileListPaths = (
			);
			outputPaths = (
				"$(DERIVED_FILE_DIR)/Pods-MaoTrailer-checkManifestLockResult.txt",
			);
			runOnlyForDeploymentPostprocessing = 0;
			shellPath = /bin/sh;
			shellScript = "diff \"${PODS_PODFILE_DIR_PATH}/Podfile.lock\" \"${PODS_ROOT}/Manifest.lock\" > /dev/null\nif [ $? != 0 ] ; then\n    # print error to STDERR\n    echo \"error: The sandbox is not in sync with the Podfile.lock. Run 'pod install' or update your CocoaPods installation.\" >&2\n    exit 1\nfi\n# This output is used by Xcode 'outputs' to avoid re-running this script phase.\necho \"SUCCESS\" > \"${SCRIPT_OUTPUT_FILE_0}\"\n";
			showEnvVarsInLog = 0;
		};
		EFA6ECEA67BA282002113A6D /* [CP] Embed Pods Frameworks */ = {
			isa = PBXShellScriptBuildPhase;
			buildActionMask = 2147483647;
			files = (
			);
			inputFileListPaths = (
				"${PODS_ROOT}/Target Support Files/Pods-MaoTrailer/Pods-MaoTrailer-frameworks-${CONFIGURATION}-input-files.xcfilelist",
			);
			name = "[CP] Embed Pods Frameworks";
			outputFileListPaths = (
				"${PODS_ROOT}/Target Support Files/Pods-MaoTrailer/Pods-MaoTrailer-frameworks-${CONFIGURATION}-output-files.xcfilelist",
			);
			runOnlyForDeploymentPostprocessing = 0;
			shellPath = /bin/sh;
			shellScript = "\"${PODS_ROOT}/Target Support Files/Pods-MaoTrailer/Pods-MaoTrailer-frameworks.sh\"\n";
			showEnvVarsInLog = 0;
		};
/* End PBXShellScriptBuildPhase section */

/* Begin PBXSourcesBuildPhase section */
		C1444E6028CE7463003DCA1A /* Sources */ = {
			isa = PBXSourcesBuildPhase;
			buildActionMask = 2147483647;
			files = (
				C1DF55E4293BC8A2008C9C5E /* TVViewController.swift in Sources */,
				C1444E6C28CE7463003DCA1A /* OnBoardingViewController.swift in Sources */,
				C10FB41B28E3AAEB008B0DC5 /* NavigationController.swift in Sources */,
				C11F7D73293E746600B37966 /* PopularTvTableViewCell.swift in Sources */,
				C17449C9293BD83D00229A20 /* TvModel.swift in Sources */,
				C1E75C3628DE0656006D6F15 /* MoviesViewController.swift in Sources */,
				C1539FBE28EC7A8B005118C8 /* PopularMoviesCollectionCell.swift in Sources */,
				C1DD80FB28F6046B005F58A8 /* SliderCollectionViewCell.swift in Sources */,
				C10ADA0328F5F5350036E92D /* movieModel.swift in Sources */,
				C17AF1D328E101730094AD89 /* NowMoviesResponse.swift in Sources */,
				C17449C7293BD53600229A20 /* TVTopRatedCollectionViewCell.swift in Sources */,
				C1444E6828CE7463003DCA1A /* AppDelegate.swift in Sources */,
				C10ADA0128F5F4C60036E92D /* popularMoviesResponse.swift in Sources */,
				C10AD9FF28F5F40A0036E92D /* image_extension.swift in Sources */,
				C1444E6A28CE7463003DCA1A /* SceneDelegate.swift in Sources */,
				C10FB41D28E3B0E8008B0DC5 /* NowMoviesCollectionViewCell.swift in Sources */,
				C17449CB293BD8D500229A20 /* TopRatedTvResponse.swift in Sources */,
				C1CE71B428F5FFF3002722AB /* HomeViewController.swift in Sources */,
			);
			runOnlyForDeploymentPostprocessing = 0;
		};
/* End PBXSourcesBuildPhase section */

/* Begin PBXVariantGroup section */
		C1444E6D28CE7464003DCA1A /* Main.storyboard */ = {
			isa = PBXVariantGroup;
			children = (
				C1444E6E28CE7464003DCA1A /* Base */,
			);
			name = Main.storyboard;
			sourceTree = "<group>";
		};
		C1444E7228CE7466003DCA1A /* LaunchScreen.storyboard */ = {
			isa = PBXVariantGroup;
			children = (
				C1444E7328CE7466003DCA1A /* Base */,
			);
			name = LaunchScreen.storyboard;
			sourceTree = "<group>";
		};
/* End PBXVariantGroup section */

/* Begin XCBuildConfiguration section */
		C1444E7628CE7466003DCA1A /* Debug */ = {
			isa = XCBuildConfiguration;
			buildSettings = {
				ALWAYS_SEARCH_USER_PATHS = NO;
				CLANG_ANALYZER_NONNULL = YES;
				CLANG_ANALYZER_NUMBER_OBJECT_CONVERSION = YES_AGGRESSIVE;
				CLANG_CXX_LANGUAGE_STANDARD = "gnu++17";
				CLANG_ENABLE_MODULES = YES;
				CLANG_ENABLE_OBJC_ARC = YES;
				CLANG_ENABLE_OBJC_WEAK = YES;
				CLANG_WARN_BLOCK_CAPTURE_AUTORELEASING = YES;
				CLANG_WARN_BOOL_CONVERSION = YES;
				CLANG_WARN_COMMA = YES;
				CLANG_WARN_CONSTANT_CONVERSION = YES;
				CLANG_WARN_DEPRECATED_OBJC_IMPLEMENTATIONS = YES;
				CLANG_WARN_DIRECT_OBJC_ISA_USAGE = YES_ERROR;
				CLANG_WARN_DOCUMENTATION_COMMENTS = YES;
				CLANG_WARN_EMPTY_BODY = YES;
				CLANG_WARN_ENUM_CONVERSION = YES;
				CLANG_WARN_INFINITE_RECURSION = YES;
				CLANG_WARN_INT_CONVERSION = YES;
				CLANG_WARN_NON_LITERAL_NULL_CONVERSION = YES;
				CLANG_WARN_OBJC_IMPLICIT_RETAIN_SELF = YES;
				CLANG_WARN_OBJC_LITERAL_CONVERSION = YES;
				CLANG_WARN_OBJC_ROOT_CLASS = YES_ERROR;
				CLANG_WARN_QUOTED_INCLUDE_IN_FRAMEWORK_HEADER = YES;
				CLANG_WARN_RANGE_LOOP_ANALYSIS = YES;
				CLANG_WARN_STRICT_PROTOTYPES = YES;
				CLANG_WARN_SUSPICIOUS_MOVE = YES;
				CLANG_WARN_UNGUARDED_AVAILABILITY = YES_AGGRESSIVE;
				CLANG_WARN_UNREACHABLE_CODE = YES;
				CLANG_WARN__DUPLICATE_METHOD_MATCH = YES;
				COPY_PHASE_STRIP = NO;
				DEBUG_INFORMATION_FORMAT = dwarf;
				ENABLE_STRICT_OBJC_MSGSEND = YES;
				ENABLE_TESTABILITY = YES;
				GCC_C_LANGUAGE_STANDARD = gnu11;
				GCC_DYNAMIC_NO_PIC = NO;
				GCC_NO_COMMON_BLOCKS = YES;
				GCC_OPTIMIZATION_LEVEL = 0;
				GCC_PREPROCESSOR_DEFINITIONS = (
					"DEBUG=1",
					"$(inherited)",
				);
				GCC_WARN_64_TO_32_BIT_CONVERSION = YES;
				GCC_WARN_ABOUT_RETURN_TYPE = YES_ERROR;
				GCC_WARN_UNDECLARED_SELECTOR = YES;
				GCC_WARN_UNINITIALIZED_AUTOS = YES_AGGRESSIVE;
				GCC_WARN_UNUSED_FUNCTION = YES;
				GCC_WARN_UNUSED_VARIABLE = YES;
				IPHONEOS_DEPLOYMENT_TARGET = 15.5;
				MTL_ENABLE_DEBUG_INFO = INCLUDE_SOURCE;
				MTL_FAST_MATH = YES;
				ONLY_ACTIVE_ARCH = YES;
				SDKROOT = iphoneos;
				SWIFT_ACTIVE_COMPILATION_CONDITIONS = DEBUG;
				SWIFT_OPTIMIZATION_LEVEL = "-Onone";
			};
			name = Debug;
		};
		C1444E7728CE7466003DCA1A /* Release */ = {
			isa = XCBuildConfiguration;
			buildSettings = {
				ALWAYS_SEARCH_USER_PATHS = NO;
				CLANG_ANALYZER_NONNULL = YES;
				CLANG_ANALYZER_NUMBER_OBJECT_CONVERSION = YES_AGGRESSIVE;
				CLANG_CXX_LANGUAGE_STANDARD = "gnu++17";
				CLANG_ENABLE_MODULES = YES;
				CLANG_ENABLE_OBJC_ARC = YES;
				CLANG_ENABLE_OBJC_WEAK = YES;
				CLANG_WARN_BLOCK_CAPTURE_AUTORELEASING = YES;
				CLANG_WARN_BOOL_CONVERSION = YES;
				CLANG_WARN_COMMA = YES;
				CLANG_WARN_CONSTANT_CONVERSION = YES;
				CLANG_WARN_DEPRECATED_OBJC_IMPLEMENTATIONS = YES;
				CLANG_WARN_DIRECT_OBJC_ISA_USAGE = YES_ERROR;
				CLANG_WARN_DOCUMENTATION_COMMENTS = YES;
				CLANG_WARN_EMPTY_BODY = YES;
				CLANG_WARN_ENUM_CONVERSION = YES;
				CLANG_WARN_INFINITE_RECURSION = YES;
				CLANG_WARN_INT_CONVERSION = YES;
				CLANG_WARN_NON_LITERAL_NULL_CONVERSION = YES;
				CLANG_WARN_OBJC_IMPLICIT_RETAIN_SELF = YES;
				CLANG_WARN_OBJC_LITERAL_CONVERSION = YES;
				CLANG_WARN_OBJC_ROOT_CLASS = YES_ERROR;
				CLANG_WARN_QUOTED_INCLUDE_IN_FRAMEWORK_HEADER = YES;
				CLANG_WARN_RANGE_LOOP_ANALYSIS = YES;
				CLANG_WARN_STRICT_PROTOTYPES = YES;
				CLANG_WARN_SUSPICIOUS_MOVE = YES;
				CLANG_WARN_UNGUARDED_AVAILABILITY = YES_AGGRESSIVE;
				CLANG_WARN_UNREACHABLE_CODE = YES;
				CLANG_WARN__DUPLICATE_METHOD_MATCH = YES;
				COPY_PHASE_STRIP = NO;
				DEBUG_INFORMATION_FORMAT = "dwarf-with-dsym";
				ENABLE_NS_ASSERTIONS = NO;
				ENABLE_STRICT_OBJC_MSGSEND = YES;
				GCC_C_LANGUAGE_STANDARD = gnu11;
				GCC_NO_COMMON_BLOCKS = YES;
				GCC_WARN_64_TO_32_BIT_CONVERSION = YES;
				GCC_WARN_ABOUT_RETURN_TYPE = YES_ERROR;
				GCC_WARN_UNDECLARED_SELECTOR = YES;
				GCC_WARN_UNINITIALIZED_AUTOS = YES_AGGRESSIVE;
				GCC_WARN_UNUSED_FUNCTION = YES;
				GCC_WARN_UNUSED_VARIABLE = YES;
				IPHONEOS_DEPLOYMENT_TARGET = 15.5;
				MTL_ENABLE_DEBUG_INFO = NO;
				MTL_FAST_MATH = YES;
				SDKROOT = iphoneos;
				SWIFT_COMPILATION_MODE = wholemodule;
				SWIFT_OPTIMIZATION_LEVEL = "-O";
				VALIDATE_PRODUCT = YES;
			};
			name = Release;
		};
		C1444E7928CE7466003DCA1A /* Debug */ = {
			isa = XCBuildConfiguration;
			baseConfigurationReference = 540212F41FB80CF09DB065E3 /* Pods-MaoTrailer.debug.xcconfig */;
			buildSettings = {
				ASSETCATALOG_COMPILER_APPICON_NAME = AppIcon;
				ASSETCATALOG_COMPILER_GLOBAL_ACCENT_COLOR_NAME = AccentColor;
				CODE_SIGN_STYLE = Automatic;
				CURRENT_PROJECT_VERSION = 1;
				DEVELOPMENT_TEAM = 6U4PKGQA9L;
				GENERATE_INFOPLIST_FILE = YES;
				INFOPLIST_FILE = MaoTrailer/Info.plist;
				INFOPLIST_KEY_UIApplicationSupportsIndirectInputEvents = YES;
				INFOPLIST_KEY_UILaunchStoryboardName = LaunchScreen;
				INFOPLIST_KEY_UIMainStoryboardFile = Main;
				INFOPLIST_KEY_UISupportedInterfaceOrientations_iPad = "UIInterfaceOrientationPortrait UIInterfaceOrientationPortraitUpsideDown UIInterfaceOrientationLandscapeLeft UIInterfaceOrientationLandscapeRight";
				INFOPLIST_KEY_UISupportedInterfaceOrientations_iPhone = "UIInterfaceOrientationPortrait UIInterfaceOrientationLandscapeLeft UIInterfaceOrientationLandscapeRight";
				LD_RUNPATH_SEARCH_PATHS = (
					"$(inherited)",
					"@executable_path/Frameworks",
				);
				MARKETING_VERSION = 1.0;
				PRODUCT_BUNDLE_IDENTIFIER = com.mohabbatta.MaoTrailer;
				PRODUCT_NAME = "$(TARGET_NAME)";
				SWIFT_EMIT_LOC_STRINGS = YES;
				SWIFT_VERSION = 5.0;
				TARGETED_DEVICE_FAMILY = "1,2";
			};
			name = Debug;
		};
		C1444E7A28CE7466003DCA1A /* Release */ = {
			isa = XCBuildConfiguration;
			baseConfigurationReference = 197D46AC76A911293D0F2304 /* Pods-MaoTrailer.release.xcconfig */;
			buildSettings = {
				ASSETCATALOG_COMPILER_APPICON_NAME = AppIcon;
				ASSETCATALOG_COMPILER_GLOBAL_ACCENT_COLOR_NAME = AccentColor;
				CODE_SIGN_STYLE = Automatic;
				CURRENT_PROJECT_VERSION = 1;
				DEVELOPMENT_TEAM = 6U4PKGQA9L;
				GENERATE_INFOPLIST_FILE = YES;
				INFOPLIST_FILE = MaoTrailer/Info.plist;
				INFOPLIST_KEY_UIApplicationSupportsIndirectInputEvents = YES;
				INFOPLIST_KEY_UILaunchStoryboardName = LaunchScreen;
				INFOPLIST_KEY_UIMainStoryboardFile = Main;
				INFOPLIST_KEY_UISupportedInterfaceOrientations_iPad = "UIInterfaceOrientationPortrait UIInterfaceOrientationPortraitUpsideDown UIInterfaceOrientationLandscapeLeft UIInterfaceOrientationLandscapeRight";
				INFOPLIST_KEY_UISupportedInterfaceOrientations_iPhone = "UIInterfaceOrientationPortrait UIInterfaceOrientationLandscapeLeft UIInterfaceOrientationLandscapeRight";
				LD_RUNPATH_SEARCH_PATHS = (
					"$(inherited)",
					"@executable_path/Frameworks",
				);
				MARKETING_VERSION = 1.0;
				PRODUCT_BUNDLE_IDENTIFIER = com.mohabbatta.MaoTrailer;
				PRODUCT_NAME = "$(TARGET_NAME)";
				SWIFT_EMIT_LOC_STRINGS = YES;
				SWIFT_VERSION = 5.0;
				TARGETED_DEVICE_FAMILY = "1,2";
			};
			name = Release;
		};
/* End XCBuildConfiguration section */

/* Begin XCConfigurationList section */
		C1444E5F28CE7463003DCA1A /* Build configuration list for PBXProject "MaoTrailer" */ = {
			isa = XCConfigurationList;
			buildConfigurations = (
				C1444E7628CE7466003DCA1A /* Debug */,
				C1444E7728CE7466003DCA1A /* Release */,
			);
			defaultConfigurationIsVisible = 0;
			defaultConfigurationName = Release;
		};
		C1444E7828CE7466003DCA1A /* Build configuration list for PBXNativeTarget "MaoTrailer" */ = {
			isa = XCConfigurationList;
			buildConfigurations = (
				C1444E7928CE7466003DCA1A /* Debug */,
				C1444E7A28CE7466003DCA1A /* Release */,
			);
			defaultConfigurationIsVisible = 0;
			defaultConfigurationName = Release;
		};
/* End XCConfigurationList section */
	};
	rootObject = C1444E5C28CE7463003DCA1A /* Project object */;
}
